
Microsoft Visual Studio Solution File, Format Version 12.00
# Visual Studio 14
VisualStudioVersion = 14.0.24720.0
MinimumVisualStudioVersion = 10.0.40219.1
Project("{FAE04EC0-301F-11D3-BF4B-00C04F79EFBC}") = "HelloWorldMvc", "HelloWorldMvc\HelloWorldMvc.csproj", "{564BED0C-9F2A-42F2-844E-73FBC605382C}"
EndProject
Project("{FAE04EC0-301F-11D3-BF4B-00C04F79EFBC}") = "WebJobTest", "WebJobTest\WebJobTest.csproj", "{839EF090-4188-4532-8C6C-2D9FBFD5B814}"
EndProject
Global
	GlobalSection(SolutionConfigurationPlatforms) = preSolution
		Debug|Any CPU = Debug|Any CPU
		Release|Any CPU = Release|Any CPU
	EndGlobalSection
	GlobalSection(ProjectConfigurationPlatforms) = postSolution
		{564BED0C-9F2A-42F2-844E-73FBC605382C}.Debug|Any CPU.ActiveCfg = Debug|Any CPU
		{564BED0C-9F2A-42F2-844E-73FBC605382C}.Debug|Any CPU.Build.0 = Debug|Any CPU
		{564BED0C-9F2A-42F2-844E-73FBC605382C}.Release|Any CPU.ActiveCfg = Release|Any CPU
		{564BED0C-9F2A-42F2-844E-73FBC605382C}.Release|Any CPU.Build.0 = Release|Any CPU
		{839EF090-4188-4532-8C6C-2D9FBFD5B814}.Debug|Any CPU.ActiveCfg = Debug|Any CPU
		{839EF090-4188-4532-8C6C-2D9FBFD5B814}.Debug|Any CPU.Build.0 = Debug|Any CPU
		{839EF090-4188-4532-8C6C-2D9FBFD5B814}.Release|Any CPU.ActiveCfg = Release|Any CPU
		{839EF090-4188-4532-8C6C-2D9FBFD5B814}.Release|Any CPU.Build.0 = Release|Any CPU
	EndGlobalSection
	GlobalSection(SolutionProperties) = preSolution
		HideSolutionNode = FALSE
	EndGlobalSection
EndGlobal
